
Microsoft Visual Studio Solution File, Format Version 12.00
# Visual Studio Version 17
VisualStudioVersion = 17.4.33122.133
MinimumVisualStudioVersion = 10.0.40219.1
Project("{9A19103F-16F7-4668-BE54-9A1E7A4F7556}") = "SeminarskiRSII.WebApi", "SeminarskiRSII.WebApi\SeminarskiRSII.WebApi.csproj", "{651EF916-A825-4E2B-8909-115E80B19D76}"
EndProject
Project("{9A19103F-16F7-4668-BE54-9A1E7A4F7556}") = "SeminarskiRSII.Model", "SeminarskiRSII.Model\SeminarskiRSII.Model.csproj", "{CDC58E35-7100-4B7E-8BF6-F5334CC8EDA5}"
EndProject
Project("{9A19103F-16F7-4668-BE54-9A1E7A4F7556}") = "SeminarskiRSII.WebApiDodatni", "SeminarskiRSII.WebApiDodatni\SeminarskiRSII.WebApiDodatni.csproj", "{CBF4E7C7-6B7B-4F21-8ED1-590F3E0884CC}"
EndProject
Global
	GlobalSection(SolutionConfigurationPlatforms) = preSolution
		Debug|Any CPU = Debug|Any CPU
		Release|Any CPU = Release|Any CPU
	EndGlobalSection
	GlobalSection(ProjectConfigurationPlatforms) = postSolution
		{651EF916-A825-4E2B-8909-115E80B19D76}.Debug|Any CPU.ActiveCfg = Debug|Any CPU
		{651EF916-A825-4E2B-8909-115E80B19D76}.Debug|Any CPU.Build.0 = Debug|Any CPU
		{651EF916-A825-4E2B-8909-115E80B19D76}.Release|Any CPU.ActiveCfg = Release|Any CPU
		{651EF916-A825-4E2B-8909-115E80B19D76}.Release|Any CPU.Build.0 = Release|Any CPU
		{CDC58E35-7100-4B7E-8BF6-F5334CC8EDA5}.Debug|Any CPU.ActiveCfg = Debug|Any CPU
		{CDC58E35-7100-4B7E-8BF6-F5334CC8EDA5}.Debug|Any CPU.Build.0 = Debug|Any CPU
		{CDC58E35-7100-4B7E-8BF6-F5334CC8EDA5}.Release|Any CPU.ActiveCfg = Release|Any CPU
		{CDC58E35-7100-4B7E-8BF6-F5334CC8EDA5}.Release|Any CPU.Build.0 = Release|Any CPU
		{CBF4E7C7-6B7B-4F21-8ED1-590F3E0884CC}.Debug|Any CPU.ActiveCfg = Debug|Any CPU
		{CBF4E7C7-6B7B-4F21-8ED1-590F3E0884CC}.Debug|Any CPU.Build.0 = Debug|Any CPU
		{CBF4E7C7-6B7B-4F21-8ED1-590F3E0884CC}.Release|Any CPU.ActiveCfg = Release|Any CPU
		{CBF4E7C7-6B7B-4F21-8ED1-590F3E0884CC}.Release|Any CPU.Build.0 = Release|Any CPU
	EndGlobalSection
	GlobalSection(SolutionProperties) = preSolution
		HideSolutionNode = FALSE
	EndGlobalSection
	GlobalSection(ExtensibilityGlobals) = postSolution
		SolutionGuid = {B7E88C78-81A7-4B0F-942B-21A31D64172F}
	EndGlobalSection
EndGlobal
